// !$*UTF8*$!
{
	archiveVersion = 1;
	classes = {
	};
	objectVersion = 56;
	objects = {

/* Begin PBXBuildFile section */
		24CABD082B38D6B30024DA36 /* FirstSwiftUIAppApp.swift in Sources */ = {isa = PBXBuildFile; fileRef = 24CABD072B38D6B30024DA36 /* FirstSwiftUIAppApp.swift */; };
		24CABD0A2B38D6B30024DA36 /* ContentView.swift in Sources */ = {isa = PBXBuildFile; fileRef = 24CABD092B38D6B30024DA36 /* ContentView.swift */; };
		24CABD0C2B38D6B90024DA36 /* Assets.xcassets in Resources */ = {isa = PBXBuildFile; fileRef = 24CABD0B2B38D6B90024DA36 /* Assets.xcassets */; };
		24CABD0F2B38D6B90024DA36 /* Preview Assets.xcassets in Resources */ = {isa = PBXBuildFile; fileRef = 24CABD0E2B38D6B90024DA36 /* Preview Assets.xcassets */; };
		24CABD162B3A35E50024DA36 /* PostModel.swift in Sources */ = {isa = PBXBuildFile; fileRef = 24CABD152B3A35E50024DA36 /* PostModel.swift */; };
		24CABD182B3A38A10024DA36 /* InfoView.swift in Sources */ = {isa = PBXBuildFile; fileRef = 24CABD172B3A38A10024DA36 /* InfoView.swift */; };
		24CABD1A2B3A39150024DA36 /* InfoRow.swift in Sources */ = {isa = PBXBuildFile; fileRef = 24CABD192B3A39150024DA36 /* InfoRow.swift */; };
		24CABD1C2B3C12310024DA36 /* StringExtension.swift in Sources */ = {isa = PBXBuildFile; fileRef = 24CABD1B2B3C12300024DA36 /* StringExtension.swift */; };
		24D8B5382B3DEE0600559051 /* InfoDetailsView.swift in Sources */ = {isa = PBXBuildFile; fileRef = 24D8B5372B3DEE0600559051 /* InfoDetailsView.swift */; };
		24D8B53A2B3E258C00559051 /* SettingsView.swift in Sources */ = {isa = PBXBuildFile; fileRef = 24D8B5392B3E258C00559051 /* SettingsView.swift */; };
		24D8B53C2B3E276100559051 /* HelloWorldView.swift in Sources */ = {isa = PBXBuildFile; fileRef = 24D8B53B2B3E276100559051 /* HelloWorldView.swift */; };
		24D8B54E2B4B336C00559051 /* UserSettingsService.swift in Sources */ = {isa = PBXBuildFile; fileRef = 24D8B54D2B4B336C00559051 /* UserSettingsService.swift */; };
/* End PBXBuildFile section */

/* Begin PBXFileReference section */
		24CABD042B38D6B30024DA36 /* FirstSwiftUIApp.app */ = {isa = PBXFileReference; explicitFileType = wrapper.application; includeInIndex = 0; path = FirstSwiftUIApp.app; sourceTree = BUILT_PRODUCTS_DIR; };
		24CABD072B38D6B30024DA36 /* FirstSwiftUIAppApp.swift */ = {isa = PBXFileReference; lastKnownFileType = sourcecode.swift; path = FirstSwiftUIAppApp.swift; sourceTree = "<group>"; };
		24CABD092B38D6B30024DA36 /* ContentView.swift */ = {isa = PBXFileReference; lastKnownFileType = sourcecode.swift; path = ContentView.swift; sourceTree = "<group>"; };
		24CABD0B2B38D6B90024DA36 /* Assets.xcassets */ = {isa = PBXFileReference; lastKnownFileType = folder.assetcatalog; path = Assets.xcassets; sourceTree = "<group>"; };
		24CABD0E2B38D6B90024DA36 /* Preview Assets.xcassets */ = {isa = PBXFileReference; lastKnownFileType = folder.assetcatalog; path = "Preview Assets.xcassets"; sourceTree = "<group>"; };
		24CABD152B3A35E50024DA36 /* PostModel.swift */ = {isa = PBXFileReference; lastKnownFileType = sourcecode.swift; path = PostModel.swift; sourceTree = "<group>"; };
		24CABD172B3A38A10024DA36 /* InfoView.swift */ = {isa = PBXFileReference; lastKnownFileType = sourcecode.swift; path = InfoView.swift; sourceTree = "<group>"; };
		24CABD192B3A39150024DA36 /* InfoRow.swift */ = {isa = PBXFileReference; lastKnownFileType = sourcecode.swift; path = InfoRow.swift; sourceTree = "<group>"; };
		24CABD1B2B3C12300024DA36 /* StringExtension.swift */ = {isa = PBXFileReference; lastKnownFileType = sourcecode.swift; path = StringExtension.swift; sourceTree = "<group>"; };
		24D8B5372B3DEE0600559051 /* InfoDetailsView.swift */ = {isa = PBXFileReference; lastKnownFileType = sourcecode.swift; path = InfoDetailsView.swift; sourceTree = "<group>"; };
		24D8B5392B3E258C00559051 /* SettingsView.swift */ = {isa = PBXFileReference; lastKnownFileType = sourcecode.swift; path = SettingsView.swift; sourceTree = "<group>"; };
		24D8B53B2B3E276100559051 /* HelloWorldView.swift */ = {isa = PBXFileReference; lastKnownFileType = sourcecode.swift; path = HelloWorldView.swift; sourceTree = "<group>"; };
		24D8B54D2B4B336C00559051 /* UserSettingsService.swift */ = {isa = PBXFileReference; lastKnownFileType = sourcecode.swift; path = UserSettingsService.swift; sourceTree = "<group>"; };
/* End PBXFileReference section */

/* Begin PBXFrameworksBuildPhase section */
		24CABD012B38D6B30024DA36 /* Frameworks */ = {
			isa = PBXFrameworksBuildPhase;
			buildActionMask = 2147483647;
			files = (
			);
			runOnlyForDeploymentPostprocessing = 0;
		};
/* End PBXFrameworksBuildPhase section */

/* Begin PBXGroup section */
		24CABCFB2B38D6B30024DA36 = {
			isa = PBXGroup;
			children = (
				24CABD062B38D6B30024DA36 /* FirstSwiftUIApp */,
				24CABD052B38D6B30024DA36 /* Products */,
			);
			sourceTree = "<group>";
		};
		24CABD052B38D6B30024DA36 /* Products */ = {
			isa = PBXGroup;
			children = (
				24CABD042B38D6B30024DA36 /* FirstSwiftUIApp.app */,
			);
			name = Products;
			sourceTree = "<group>";
		};
		24CABD062B38D6B30024DA36 /* FirstSwiftUIApp */ = {
			isa = PBXGroup;
			children = (
				24CABD1F2B3C13CC0024DA36 /* Resourses */,
				24CABD202B3C13DA0024DA36 /* Views */,
				24D8B53D2B3FFBC900559051 /* Rows */,
				24CABD1D2B3C13A40024DA36 /* Modeles */,
				24D8B54C2B4B32DC00559051 /* Services */,
				24CABD1E2B3C13B00024DA36 /* Extensions */,
				24CABD0D2B38D6B90024DA36 /* Preview Content */,
				24CABD0B2B38D6B90024DA36 /* Assets.xcassets */,
			);
			path = FirstSwiftUIApp;
			sourceTree = "<group>";
		};
		24CABD0D2B38D6B90024DA36 /* Preview Content */ = {
			isa = PBXGroup;
			children = (
				24CABD0E2B38D6B90024DA36 /* Preview Assets.xcassets */,
			);
			path = "Preview Content";
			sourceTree = "<group>";
		};
		24CABD1D2B3C13A40024DA36 /* Modeles */ = {
			isa = PBXGroup;
			children = (
				24CABD152B3A35E50024DA36 /* PostModel.swift */,
			);
			path = Modeles;
			sourceTree = "<group>";
		};
		24CABD1E2B3C13B00024DA36 /* Extensions */ = {
			isa = PBXGroup;
			children = (
				24CABD1B2B3C12300024DA36 /* StringExtension.swift */,
			);
			path = Extensions;
			sourceTree = "<group>";
		};
		24CABD1F2B3C13CC0024DA36 /* Resourses */ = {
			isa = PBXGroup;
			children = (
				24CABD072B38D6B30024DA36 /* FirstSwiftUIAppApp.swift */,
			);
			path = Resourses;
			sourceTree = "<group>";
		};
		24CABD202B3C13DA0024DA36 /* Views */ = {
			isa = PBXGroup;
			children = (
				24CABD092B38D6B30024DA36 /* ContentView.swift */,
				24CABD172B3A38A10024DA36 /* InfoView.swift */,
				24D8B5372B3DEE0600559051 /* InfoDetailsView.swift */,
				24D8B5392B3E258C00559051 /* SettingsView.swift */,
				24D8B53B2B3E276100559051 /* HelloWorldView.swift */,
			);
			path = Views;
			sourceTree = "<group>";
		};
		24D8B53D2B3FFBC900559051 /* Rows */ = {
			isa = PBXGroup;
			children = (
				24CABD192B3A39150024DA36 /* InfoRow.swift */,
			);
			path = Rows;
			sourceTree = "<group>";
		};
		24D8B54C2B4B32DC00559051 /* Services */ = {
			isa = PBXGroup;
			children = (
				24D8B54D2B4B336C00559051 /* UserSettingsService.swift */,
			);
			path = Services;
			sourceTree = "<group>";
		};
/* End PBXGroup section */

/* Begin PBXNativeTarget section */
		24CABD032B38D6B30024DA36 /* FirstSwiftUIApp */ = {
			isa = PBXNativeTarget;
			buildConfigurationList = 24CABD122B38D6B90024DA36 /* Build configuration list for PBXNativeTarget "FirstSwiftUIApp" */;
			buildPhases = (
				24CABD002B38D6B30024DA36 /* Sources */,
				24CABD012B38D6B30024DA36 /* Frameworks */,
				24CABD022B38D6B30024DA36 /* Resources */,
			);
			buildRules = (
			);
			dependencies = (
			);
			name = FirstSwiftUIApp;
			productName = FirstSwiftUIApp;
			productReference = 24CABD042B38D6B30024DA36 /* FirstSwiftUIApp.app */;
			productType = "com.apple.product-type.application";
		};
/* End PBXNativeTarget section */

/* Begin PBXProject section */
		24CABCFC2B38D6B30024DA36 /* Project object */ = {
			isa = PBXProject;
			attributes = {
				BuildIndependentTargetsInParallel = 1;
				LastSwiftUpdateCheck = 1500;
				LastUpgradeCheck = 1500;
				TargetAttributes = {
					24CABD032B38D6B30024DA36 = {
						CreatedOnToolsVersion = 15.0.1;
					};
				};
			};
			buildConfigurationList = 24CABCFF2B38D6B30024DA36 /* Build configuration list for PBXProject "FirstSwiftUIApp" */;
			compatibilityVersion = "Xcode 14.0";
			developmentRegion = en;
			hasScannedForEncodings = 0;
			knownRegions = (
				en,
				Base,
			);
			mainGroup = 24CABCFB2B38D6B30024DA36;
			productRefGroup = 24CABD052B38D6B30024DA36 /* Products */;
			projectDirPath = "";
			projectRoot = "";
			targets = (
				24CABD032B38D6B30024DA36 /* FirstSwiftUIApp */,
			);
		};
/* End PBXProject section */

/* Begin PBXResourcesBuildPhase section */
		24CABD022B38D6B30024DA36 /* Resources */ = {
			isa = PBXResourcesBuildPhase;
			buildActionMask = 2147483647;
			files = (
				24CABD0F2B38D6B90024DA36 /* Preview Assets.xcassets in Resources */,
				24CABD0C2B38D6B90024DA36 /* Assets.xcassets in Resources */,
			);
			runOnlyForDeploymentPostprocessing = 0;
		};
/* End PBXResourcesBuildPhase section */

/* Begin PBXSourcesBuildPhase section */
		24CABD002B38D6B30024DA36 /* Sources */ = {
			isa = PBXSourcesBuildPhase;
			buildActionMask = 2147483647;
			files = (
				24CABD182B3A38A10024DA36 /* InfoView.swift in Sources */,
				24D8B53A2B3E258C00559051 /* SettingsView.swift in Sources */,
				24CABD0A2B38D6B30024DA36 /* ContentView.swift in Sources */,
				24CABD1C2B3C12310024DA36 /* StringExtension.swift in Sources */,
				24CABD162B3A35E50024DA36 /* PostModel.swift in Sources */,
				24D8B5382B3DEE0600559051 /* InfoDetailsView.swift in Sources */,
				24CABD082B38D6B30024DA36 /* FirstSwiftUIAppApp.swift in Sources */,
				24CABD1A2B3A39150024DA36 /* InfoRow.swift in Sources */,
				24D8B53C2B3E276100559051 /* HelloWorldView.swift in Sources */,
				24D8B54E2B4B336C00559051 /* UserSettingsService.swift in Sources */,
			);
			runOnlyForDeploymentPostprocessing = 0;
		};
/* End PBXSourcesBuildPhase section */

/* Begin XCBuildConfiguration section */
		24CABD102B38D6B90024DA36 /* Debug */ = {
			isa = XCBuildConfiguration;
			buildSettings = {
				ALWAYS_SEARCH_USER_PATHS = NO;
				ASSETCATALOG_COMPILER_GENERATE_SWIFT_ASSET_SYMBOL_EXTENSIONS = YES;
				CLANG_ANALYZER_NONNULL = YES;
				CLANG_ANALYZER_NUMBER_OBJECT_CONVERSION = YES_AGGRESSIVE;
				CLANG_CXX_LANGUAGE_STANDARD = "gnu++20";
				CLANG_ENABLE_MODULES = YES;
				CLANG_ENABLE_OBJC_ARC = YES;
				CLANG_ENABLE_OBJC_WEAK = YES;
				CLANG_WARN_BLOCK_CAPTURE_AUTORELEASING = YES;
				CLANG_WARN_BOOL_CONVERSION = YES;
				CLANG_WARN_COMMA = YES;
				CLANG_WARN_CONSTANT_CONVERSION = YES;
				CLANG_WARN_DEPRECATED_OBJC_IMPLEMENTATIONS = YES;
				CLANG_WARN_DIRECT_OBJC_ISA_USAGE = YES_ERROR;
				CLANG_WARN_DOCUMENTATION_COMMENTS = YES;
				CLANG_WARN_EMPTY_BODY = YES;
				CLANG_WARN_ENUM_CONVERSION = YES;
				CLANG_WARN_INFINITE_RECURSION = YES;
				CLANG_WARN_INT_CONVERSION = YES;
				CLANG_WARN_NON_LITERAL_NULL_CONVERSION = YES;
				CLANG_WARN_OBJC_IMPLICIT_RETAIN_SELF = YES;
				CLANG_WARN_OBJC_LITERAL_CONVERSION = YES;
				CLANG_WARN_OBJC_ROOT_CLASS = YES_ERROR;
				CLANG_WARN_QUOTED_INCLUDE_IN_FRAMEWORK_HEADER = YES;
				CLANG_WARN_RANGE_LOOP_ANALYSIS = YES;
				CLANG_WARN_STRICT_PROTOTYPES = YES;
				CLANG_WARN_SUSPICIOUS_MOVE = YES;
				CLANG_WARN_UNGUARDED_AVAILABILITY = YES_AGGRESSIVE;
				CLANG_WARN_UNREACHABLE_CODE = YES;
				CLANG_WARN__DUPLICATE_METHOD_MATCH = YES;
				COPY_PHASE_STRIP = NO;
				DEBUG_INFORMATION_FORMAT = dwarf;
				ENABLE_STRICT_OBJC_MSGSEND = YES;
				ENABLE_TESTABILITY = YES;
				ENABLE_USER_SCRIPT_SANDBOXING = YES;
				GCC_C_LANGUAGE_STANDARD = gnu17;
				GCC_DYNAMIC_NO_PIC = NO;
				GCC_NO_COMMON_BLOCKS = YES;
				GCC_OPTIMIZATION_LEVEL = 0;
				GCC_PREPROCESSOR_DEFINITIONS = (
					"DEBUG=1",
					"$(inherited)",
				);
				GCC_WARN_64_TO_32_BIT_CONVERSION = YES;
				GCC_WARN_ABOUT_RETURN_TYPE = YES_ERROR;
				GCC_WARN_UNDECLARED_SELECTOR = YES;
				GCC_WARN_UNINITIALIZED_AUTOS = YES_AGGRESSIVE;
				GCC_WARN_UNUSED_FUNCTION = YES;
				GCC_WARN_UNUSED_VARIABLE = YES;
				IPHONEOS_DEPLOYMENT_TARGET = 17.0;
				LOCALIZATION_PREFERS_STRING_CATALOGS = YES;
				MTL_ENABLE_DEBUG_INFO = INCLUDE_SOURCE;
				MTL_FAST_MATH = YES;
				ONLY_ACTIVE_ARCH = YES;
				SDKROOT = iphoneos;
				SWIFT_ACTIVE_COMPILATION_CONDITIONS = "DEBUG $(inherited)";
				SWIFT_OPTIMIZATION_LEVEL = "-Onone";
			};
			name = Debug;
		};
		24CABD112B38D6B90024DA36 /* Release */ = {
			isa = XCBuildConfiguration;
			buildSettings = {
				ALWAYS_SEARCH_USER_PATHS = NO;
				ASSETCATALOG_COMPILER_GENERATE_SWIFT_ASSET_SYMBOL_EXTENSIONS = YES;
				CLANG_ANALYZER_NONNULL = YES;
				CLANG_ANALYZER_NUMBER_OBJECT_CONVERSION = YES_AGGRESSIVE;
				CLANG_CXX_LANGUAGE_STANDARD = "gnu++20";
				CLANG_ENABLE_MODULES = YES;
				CLANG_ENABLE_OBJC_ARC = YES;
				CLANG_ENABLE_OBJC_WEAK = YES;
				CLANG_WARN_BLOCK_CAPTURE_AUTORELEASING = YES;
				CLANG_WARN_BOOL_CONVERSION = YES;
				CLANG_WARN_COMMA = YES;
				CLANG_WARN_CONSTANT_CONVERSION = YES;
				CLANG_WARN_DEPRECATED_OBJC_IMPLEMENTATIONS = YES;
				CLANG_WARN_DIRECT_OBJC_ISA_USAGE = YES_ERROR;
				CLANG_WARN_DOCUMENTATION_COMMENTS = YES;
				CLANG_WARN_EMPTY_BODY = YES;
				CLANG_WARN_ENUM_CONVERSION = YES;
				CLANG_WARN_INFINITE_RECURSION = YES;
				CLANG_WARN_INT_CONVERSION = YES;
				CLANG_WARN_NON_LITERAL_NULL_CONVERSION = YES;
				CLANG_WARN_OBJC_IMPLICIT_RETAIN_SELF = YES;
				CLANG_WARN_OBJC_LITERAL_CONVERSION = YES;
				CLANG_WARN_OBJC_ROOT_CLASS = YES_ERROR;
				CLANG_WARN_QUOTED_INCLUDE_IN_FRAMEWORK_HEADER = YES;
				CLANG_WARN_RANGE_LOOP_ANALYSIS = YES;
				CLANG_WARN_STRICT_PROTOTYPES = YES;
				CLANG_WARN_SUSPICIOUS_MOVE = YES;
				CLANG_WARN_UNGUARDED_AVAILABILITY = YES_AGGRESSIVE;
				CLANG_WARN_UNREACHABLE_CODE = YES;
				CLANG_WARN__DUPLICATE_METHOD_MATCH = YES;
				COPY_PHASE_STRIP = NO;
				DEBUG_INFORMATION_FORMAT = "dwarf-with-dsym";
				ENABLE_NS_ASSERTIONS = NO;
				ENABLE_STRICT_OBJC_MSGSEND = YES;
				ENABLE_USER_SCRIPT_SANDBOXING = YES;
				GCC_C_LANGUAGE_STANDARD = gnu17;
				GCC_NO_COMMON_BLOCKS = YES;
				GCC_WARN_64_TO_32_BIT_CONVERSION = YES;
				GCC_WARN_ABOUT_RETURN_TYPE = YES_ERROR;
				GCC_WARN_UNDECLARED_SELECTOR = YES;
				GCC_WARN_UNINITIALIZED_AUTOS = YES_AGGRESSIVE;
				GCC_WARN_UNUSED_FUNCTION = YES;
				GCC_WARN_UNUSED_VARIABLE = YES;
				IPHONEOS_DEPLOYMENT_TARGET = 17.0;
				LOCALIZATION_PREFERS_STRING_CATALOGS = YES;
				MTL_ENABLE_DEBUG_INFO = NO;
				MTL_FAST_MATH = YES;
				SDKROOT = iphoneos;
				SWIFT_COMPILATION_MODE = wholemodule;
				VALIDATE_PRODUCT = YES;
			};
			name = Release;
		};
		24CABD132B38D6B90024DA36 /* Debug */ = {
			isa = XCBuildConfiguration;
			buildSettings = {
				ASSETCATALOG_COMPILER_APPICON_NAME = AppIcon;
				ASSETCATALOG_COMPILER_GLOBAL_ACCENT_COLOR_NAME = AccentColor;
				CODE_SIGN_STYLE = Automatic;
				CURRENT_PROJECT_VERSION = 1;
				DEVELOPMENT_ASSET_PATHS = "\"FirstSwiftUIApp/Preview Content\"";
				ENABLE_PREVIEWS = YES;
				GENERATE_INFOPLIST_FILE = YES;
				INFOPLIST_KEY_UIApplicationSceneManifest_Generation = YES;
				INFOPLIST_KEY_UIApplicationSupportsIndirectInputEvents = YES;
				INFOPLIST_KEY_UILaunchScreen_Generation = YES;
				INFOPLIST_KEY_UISupportedInterfaceOrientations_iPad = "UIInterfaceOrientationPortrait UIInterfaceOrientationPortraitUpsideDown UIInterfaceOrientationLandscapeLeft UIInterfaceOrientationLandscapeRight";
				INFOPLIST_KEY_UISupportedInterfaceOrientations_iPhone = "UIInterfaceOrientationPortrait UIInterfaceOrientationLandscapeLeft UIInterfaceOrientationLandscapeRight";
				LD_RUNPATH_SEARCH_PATHS = (
					"$(inherited)",
					"@executable_path/Frameworks",
				);
				MARKETING_VERSION = 1.0;
				PRODUCT_BUNDLE_IDENTIFIER = Team.FirstSwiftUIApp;
				PRODUCT_NAME = "$(TARGET_NAME)";
				SWIFT_EMIT_LOC_STRINGS = YES;
				SWIFT_VERSION = 5.0;
				TARGETED_DEVICE_FAMILY = "1,2";
			};
			name = Debug;
		};
		24CABD142B38D6B90024DA36 /* Release */ = {
			isa = XCBuildConfiguration;
			buildSettings = {
				ASSETCATALOG_COMPILER_APPICON_NAME = AppIcon;
				ASSETCATALOG_COMPILER_GLOBAL_ACCENT_COLOR_NAME = AccentColor;
				CODE_SIGN_STYLE = Automatic;
				CURRENT_PROJECT_VERSION = 1;
				DEVELOPMENT_ASSET_PATHS = "\"FirstSwiftUIApp/Preview Content\"";
				ENABLE_PREVIEWS = YES;
				GENERATE_INFOPLIST_FILE = YES;
				INFOPLIST_KEY_UIApplicationSceneManifest_Generation = YES;
				INFOPLIST_KEY_UIApplicationSupportsIndirectInputEvents = YES;
				INFOPLIST_KEY_UILaunchScreen_Generation = YES;
				INFOPLIST_KEY_UISupportedInterfaceOrientations_iPad = "UIInterfaceOrientationPortrait UIInterfaceOrientationPortraitUpsideDown UIInterfaceOrientationLandscapeLeft UIInterfaceOrientationLandscapeRight";
				INFOPLIST_KEY_UISupportedInterfaceOrientations_iPhone = "UIInterfaceOrientationPortrait UIInterfaceOrientationLandscapeLeft UIInterfaceOrientationLandscapeRight";
				LD_RUNPATH_SEARCH_PATHS = (
					"$(inherited)",
					"@executable_path/Frameworks",
				);
				MARKETING_VERSION = 1.0;
				PRODUCT_BUNDLE_IDENTIFIER = Team.FirstSwiftUIApp;
				PRODUCT_NAME = "$(TARGET_NAME)";
				SWIFT_EMIT_LOC_STRINGS = YES;
				SWIFT_VERSION = 5.0;
				TARGETED_DEVICE_FAMILY = "1,2";
			};
			name = Release;
		};
/* End XCBuildConfiguration section */

/* Begin XCConfigurationList section */
		24CABCFF2B38D6B30024DA36 /* Build configuration list for PBXProject "FirstSwiftUIApp" */ = {
			isa = XCConfigurationList;
			buildConfigurations = (
				24CABD102B38D6B90024DA36 /* Debug */,
				24CABD112B38D6B90024DA36 /* Release */,
			);
			defaultConfigurationIsVisible = 0;
			defaultConfigurationName = Release;
		};
		24CABD122B38D6B90024DA36 /* Build configuration list for PBXNativeTarget "FirstSwiftUIApp" */ = {
			isa = XCConfigurationList;
			buildConfigurations = (
				24CABD132B38D6B90024DA36 /* Debug */,
				24CABD142B38D6B90024DA36 /* Release */,
			);
			defaultConfigurationIsVisible = 0;
			defaultConfigurationName = Release;
		};
/* End XCConfigurationList section */
	};
	rootObject = 24CABCFC2B38D6B30024DA36 /* Project object */;
}
